PODS:
  - Masonry (1.0.2)
  - MBProgressHUD (0.9.2)

DEPENDENCIES:
  - Masonry (~> 1.0.0)
  - MBProgressHUD (~> 0.9.2)

SPEC CHECKSUMS:
  Masonry: 7c429b56da9d4ee0bbb3ed77a5ea710d6a5df39e
  MBProgressHUD: 1569cf7ace17a8bac47aabfbb8580a49690386d1

PODFILE CHECKSUM: 08bdc4e0f06eb1b32a799b3683fc0b30c2fcc29e

COCOAPODS: 1.2.1
